
Microsoft Visual Studio Solution File, Format Version 12.00
# Visual Studio 15
VisualStudioVersion = 15.0.28307.645
MinimumVisualStudioVersion = 10.0.40219.1
Project("{FAE04EC0-301F-11D3-BF4B-00C04F79EFBC}") = "FTool", "FTool\FTool.csproj", "{1B36E7CF-F793-40BF-9044-A3B515EFA29D}"
EndProject
Global
	GlobalSection(SolutionConfigurationPlatforms) = preSolution
		Debug|Any CPU = Debug|Any CPU
		Release|Any CPU = Release|Any CPU
	EndGlobalSection
	GlobalSection(ProjectConfigurationPlatforms) = postSolution
		{1B36E7CF-F793-40BF-9044-A3B515EFA29D}.Debug|Any CPU.ActiveCfg = Debug|Any CPU
		{1B36E7CF-F793-40BF-9044-A3B515EFA29D}.Debug|Any CPU.Build.0 = Debug|Any CPU
		{1B36E7CF-F793-40BF-9044-A3B515EFA29D}.Release|Any CPU.ActiveCfg = Release|Any CPU
		{1B36E7CF-F793-40BF-9044-A3B515EFA29D}.Release|Any CPU.Build.0 = Release|Any CPU
	EndGlobalSection
	GlobalSection(SolutionProperties) = preSolution
		HideSolutionNode = FALSE
	EndGlobalSection
	GlobalSection(ExtensibilityGlobals) = postSolution
		SolutionGuid = {1B3D79F2-ECBA-4962-A1BA-F4775EAAF500}
	EndGlobalSection
EndGlobal
